
Microsoft Visual Studio Solution File, Format Version 12.00
# Visual Studio 15
VisualStudioVersion = 15.0.26124.0
MinimumVisualStudioVersion = 15.0.26124.0
Project("{F2A71F9B-5D33-465A-A702-920D77279786}") = "Main", "Main\Main.fsproj", "{76DE49E1-3977-4693-861A-B843B84EA655}"
EndProject
Project("{F2A71F9B-5D33-465A-A702-920D77279786}") = "JsonFS", "JsonFS\JsonFS.fsproj", "{0E920A4D-8785-4CB4-ACFA-C25C9487324B}"
EndProject
Global
	GlobalSection(SolutionConfigurationPlatforms) = preSolution
		Debug|Any CPU = Debug|Any CPU
		Debug|x64 = Debug|x64
		Debug|x86 = Debug|x86
		Release|Any CPU = Release|Any CPU
		Release|x64 = Release|x64
		Release|x86 = Release|x86
	EndGlobalSection
	GlobalSection(SolutionProperties) = preSolution
		HideSolutionNode = FALSE
	EndGlobalSection
	GlobalSection(ProjectConfigurationPlatforms) = postSolution
		{76DE49E1-3977-4693-861A-B843B84EA655}.Debug|Any CPU.ActiveCfg = Debug|Any CPU
		{76DE49E1-3977-4693-861A-B843B84EA655}.Debug|Any CPU.Build.0 = Debug|Any CPU
		{76DE49E1-3977-4693-861A-B843B84EA655}.Debug|x64.ActiveCfg = Debug|Any CPU
		{76DE49E1-3977-4693-861A-B843B84EA655}.Debug|x64.Build.0 = Debug|Any CPU
		{76DE49E1-3977-4693-861A-B843B84EA655}.Debug|x86.ActiveCfg = Debug|Any CPU
		{76DE49E1-3977-4693-861A-B843B84EA655}.Debug|x86.Build.0 = Debug|Any CPU
		{76DE49E1-3977-4693-861A-B843B84EA655}.Release|Any CPU.ActiveCfg = Release|Any CPU
		{76DE49E1-3977-4693-861A-B843B84EA655}.Release|Any CPU.Build.0 = Release|Any CPU
		{76DE49E1-3977-4693-861A-B843B84EA655}.Release|x64.ActiveCfg = Release|Any CPU
		{76DE49E1-3977-4693-861A-B843B84EA655}.Release|x64.Build.0 = Release|Any CPU
		{76DE49E1-3977-4693-861A-B843B84EA655}.Release|x86.ActiveCfg = Release|Any CPU
		{76DE49E1-3977-4693-861A-B843B84EA655}.Release|x86.Build.0 = Release|Any CPU
		{0E920A4D-8785-4CB4-ACFA-C25C9487324B}.Debug|Any CPU.ActiveCfg = Debug|Any CPU
		{0E920A4D-8785-4CB4-ACFA-C25C9487324B}.Debug|Any CPU.Build.0 = Debug|Any CPU
		{0E920A4D-8785-4CB4-ACFA-C25C9487324B}.Debug|x64.ActiveCfg = Debug|Any CPU
		{0E920A4D-8785-4CB4-ACFA-C25C9487324B}.Debug|x64.Build.0 = Debug|Any CPU
		{0E920A4D-8785-4CB4-ACFA-C25C9487324B}.Debug|x86.ActiveCfg = Debug|Any CPU
		{0E920A4D-8785-4CB4-ACFA-C25C9487324B}.Debug|x86.Build.0 = Debug|Any CPU
		{0E920A4D-8785-4CB4-ACFA-C25C9487324B}.Release|Any CPU.ActiveCfg = Release|Any CPU
		{0E920A4D-8785-4CB4-ACFA-C25C9487324B}.Release|Any CPU.Build.0 = Release|Any CPU
		{0E920A4D-8785-4CB4-ACFA-C25C9487324B}.Release|x64.ActiveCfg = Release|Any CPU
		{0E920A4D-8785-4CB4-ACFA-C25C9487324B}.Release|x64.Build.0 = Release|Any CPU
		{0E920A4D-8785-4CB4-ACFA-C25C9487324B}.Release|x86.ActiveCfg = Release|Any CPU
		{0E920A4D-8785-4CB4-ACFA-C25C9487324B}.Release|x86.Build.0 = Release|Any CPU
	EndGlobalSection
EndGlobal
